
Microsoft Visual Studio Solution File, Format Version 12.00
# Visual Studio Version 17
VisualStudioVersion = 17.2.32526.322
MinimumVisualStudioVersion = 10.0.40219.1
Project("{FAE04EC0-301F-11D3-BF4B-00C04F79EFBC}") = "FN", "FN\FN.csproj", "{845340CC-7C06-46F5-8C39-EC7136659A06}"
EndProject
Global
	GlobalSection(SolutionConfigurationPlatforms) = preSolution
		Debug|Any CPU = Debug|Any CPU
		Release|Any CPU = Release|Any CPU
	EndGlobalSection
	GlobalSection(ProjectConfigurationPlatforms) = postSolution
		{845340CC-7C06-46F5-8C39-EC7136659A06}.Debug|Any CPU.ActiveCfg = Debug|Any CPU
		{845340CC-7C06-46F5-8C39-EC7136659A06}.Debug|Any CPU.Build.0 = Debug|Any CPU
		{845340CC-7C06-46F5-8C39-EC7136659A06}.Release|Any CPU.ActiveCfg = Release|Any CPU
		{845340CC-7C06-46F5-8C39-EC7136659A06}.Release|Any CPU.Build.0 = Release|Any CPU
	EndGlobalSection
	GlobalSection(SolutionProperties) = preSolution
		HideSolutionNode = FALSE
	EndGlobalSection
	GlobalSection(ExtensibilityGlobals) = postSolution
		SolutionGuid = {BF407BDB-47DA-4040-840D-17967C7F3227}
	EndGlobalSection
EndGlobal
